{
  "name": "live_ai_elements",
  "version": "0.1.0",
  "lockfileVersion": 3,
  "requires": true,
  "packages": {
    "": {
      "name": "live_ai_elements",
      "version": "0.1.0",
      "license": "Apache-2.0",
      "dependencies": {
        "@rive-app/webgl2": "2.34.1"
      }
    },
    "node_modules/@rive-app/webgl2": {
      "version": "2.34.1",
      "resolved": "https://registry.npmjs.org/@rive-app/webgl2/-/webgl2-2.34.1.tgz",
      "integrity": "sha512-xxdz1XJaVp0OOsg9CJZ8gNtfPerqtAXnOpPg2autwZWgQ+0OSNvxhfUOA80+R/7BxxqNLQDcCjj7vs3pAQy7Wg==",
      "license": "MIT"
    }
  }
}
