{
  "name": "live_shadcn_tools",
  "version": "0.1.0-dev",
  "lockfileVersion": 3,
  "requires": true,
  "packages": {
    "": {
      "name": "live_shadcn_tools",
      "version": "0.1.0-dev",
      "license": "Apache-2.0",
      "dependencies": {
        "oxc-parser": "0.146.0",
        "oxc-walker": "^1.1.1"
      }
    },
    "node_modules/@oxc-parser/binding-android-arm-eabi": {
      "version": "0.146.0",
      "resolved": "https://registry.npmjs.org/@oxc-parser/binding-android-arm-eabi/-/binding-android-arm-eabi-0.146.0.tgz",
      "integrity": "sha512-jBCZIsff/9J/zdK1KSKZREScXOtRE4wYO+MUjrE+5NHGdsslrP4biJA9QJyKwErwS8lkwxH6Z537HaL4CQr0ow==",
      "cpu": [
        "arm"
      ],
      "license": "MIT",
      "optional": true,
      "os": [
        "android"
      ],
      "engines": {
        "node": "^20.19.0 || >=22.12.0"
      }
    },
    "node_modules/@oxc-parser/binding-android-arm64": {
      "version": "0.146.0",
      "resolved": "https://registry.npmjs.org/@oxc-parser/binding-android-arm64/-/binding-android-arm64-0.146.0.tgz",
      "integrity": "sha512-BVwj6sVmgD9j5F+R5B+13pYQKOCmew+3myS19wcG5e+AeZu5ybBLEfcaKueC8MhvjtwL2Suh2tQE/Ywop2Z8rA==",
      "cpu": [
        "arm64"
      ],
      "license": "MIT",
      "optional": true,
      "os": [
        "android"
      ],
      "engines": {
        "node": "^20.19.0 || >=22.12.0"
      }
    },
    "node_modules/@oxc-parser/binding-darwin-arm64": {
      "version": "0.146.0",
      "resolved": "https://registry.npmjs.org/@oxc-parser/binding-darwin-arm64/-/binding-darwin-arm64-0.146.0.tgz",
      "integrity": "sha512-jQGIM4zEEvvuypbBcoeoWuigRfP6R8Ow/9gfDzVoYkv5mFyVPbIePNQnV752jUynfty0nDxarIpML+7Q/MyMPg==",
      "cpu": [
        "arm64"
      ],
      "license": "MIT",
      "optional": true,
      "os": [
        "darwin"
      ],
      "engines": {
        "node": "^20.19.0 || >=22.12.0"
      }
    },
    "node_modules/@oxc-parser/binding-darwin-x64": {
      "version": "0.146.0",
      "resolved": "https://registry.npmjs.org/@oxc-parser/binding-darwin-x64/-/binding-darwin-x64-0.146.0.tgz",
      "integrity": "sha512-quDy3cvW1712l6W+qe1/xWRym6STOuGJmFzRIg5StXVJglsbqrCpHfw9PyqPs0hQeOAjAEO1USrjPaIvHiRKQw==",
      "cpu": [
        "x64"
      ],
      "license": "MIT",
      "optional": true,
      "os": [
        "darwin"
      ],
      "engines": {
        "node": "^20.19.0 || >=22.12.0"
      }
    },
    "node_modules/@oxc-parser/binding-freebsd-x64": {
      "version": "0.146.0",
      "resolved": "https://registry.npmjs.org/@oxc-parser/binding-freebsd-x64/-/binding-freebsd-x64-0.146.0.tgz",
      "integrity": "sha512-wx/p/9phlX4VbYk671G4WewST3pysXNQfZRx4gx69QIz0/uW2O3MCnnEQh4il6l2lYr0EDAq3kFYovIw68CXHw==",
      "cpu": [
        "x64"
      ],
      "license": "MIT",
      "optional": true,
      "os": [
        "freebsd"
      ],
      "engines": {
        "node": "^20.19.0 || >=22.12.0"
      }
    },
    "node_modules/@oxc-parser/binding-linux-arm-gnueabihf": {
      "version": "0.146.0",
      "resolved": "https://registry.npmjs.org/@oxc-parser/binding-linux-arm-gnueabihf/-/binding-linux-arm-gnueabihf-0.146.0.tgz",
      "integrity": "sha512-W9nzfbWH8Z6cIaBj6Rh/eVgymFkZ2MaOV0rQruKTLYKLAZADo9JlOmBml6Dq2QbChtmuc3DKDL42KDHaQFX8yQ==",
      "cpu": [
        "arm"
      ],
      "license": "MIT",
      "optional": true,
      "os": [
        "linux"
      ],
      "engines": {
        "node": "^20.19.0 || >=22.12.0"
      }
    },
    "node_modules/@oxc-parser/binding-linux-arm-musleabihf": {
      "version": "0.146.0",
      "resolved": "https://registry.npmjs.org/@oxc-parser/binding-linux-arm-musleabihf/-/binding-linux-arm-musleabihf-0.146.0.tgz",
      "integrity": "sha512-S5X1mEvTLBTl+xt7bRlr1n6qI+OTy1EaRkYyd4EQgEZqV7i53fQa1I72OqR0IwSQKVwh6TZPkzDcsN7fS9MynQ==",
      "cpu": [
        "arm"
      ],
      "license": "MIT",
      "optional": true,
      "os": [
        "linux"
      ],
      "engines": {
        "node": "^20.19.0 || >=22.12.0"
      }
    },
    "node_modules/@oxc-parser/binding-linux-arm64-gnu": {
      "version": "0.146.0",
      "resolved": "https://registry.npmjs.org/@oxc-parser/binding-linux-arm64-gnu/-/binding-linux-arm64-gnu-0.146.0.tgz",
      "integrity": "sha512-Br9UB4nnecVfj/Vp+JiJnJo2wIJtwaOm+uN7MwWKF5cx10P816urucmksG/iG2OeL7hfZ4h5fCmePrLU6TocfQ==",
      "cpu": [
        "arm64"
      ],
      "license": "MIT",
      "optional": true,
      "os": [
        "linux"
      ],
      "engines": {
        "node": "^20.19.0 || >=22.12.0"
      }
    },
    "node_modules/@oxc-parser/binding-linux-arm64-musl": {
      "version": "0.146.0",
      "resolved": "https://registry.npmjs.org/@oxc-parser/binding-linux-arm64-musl/-/binding-linux-arm64-musl-0.146.0.tgz",
      "integrity": "sha512-5AP+od9VGhRyCwswTfuD0jSDfIcWptEBC+K0LWmXsUJ9BPVF3KbhsjeoV+9tijX6g5is0w4H8DUV7NkOJoOVVA==",
      "cpu": [
        "arm64"
      ],
      "license": "MIT",
      "optional": true,
      "os": [
        "linux"
      ],
      "engines": {
        "node": "^20.19.0 || >=22.12.0"
      }
    },
    "node_modules/@oxc-parser/binding-linux-ppc64-gnu": {
      "version": "0.146.0",
      "resolved": "https://registry.npmjs.org/@oxc-parser/binding-linux-ppc64-gnu/-/binding-linux-ppc64-gnu-0.146.0.tgz",
      "integrity": "sha512-Qz3jc1qgvU9B9vQu3jAJcxKlGX7zYRtKs8LPYtQi8cmirhtYcX6XvXseESaDFbi1L+SorXhjRQ/2npEX85kKBw==",
      "cpu": [
        "ppc64"
      ],
      "license": "MIT",
      "optional": true,
      "os": [
        "linux"
      ],
      "engines": {
        "node": "^20.19.0 || >=22.12.0"
      }
    },
    "node_modules/@oxc-parser/binding-linux-riscv64-gnu": {
      "version": "0.146.0",
      "resolved": "https://registry.npmjs.org/@oxc-parser/binding-linux-riscv64-gnu/-/binding-linux-riscv64-gnu-0.146.0.tgz",
      "integrity": "sha512-Mfmg18lOZ1IWJJJuHi1ZsMLunqNVeLEh3Byuw+Aa8dYo7qOrZOMZQz1gFgAeNga5/Z5jjRuIKuIdo9aO7HYMdg==",
      "cpu": [
        "riscv64"
      ],
      "license": "MIT",
      "optional": true,
      "os": [
        "linux"
      ],
      "engines": {
        "node": "^20.19.0 || >=22.12.0"
      }
    },
    "node_modules/@oxc-parser/binding-linux-riscv64-musl": {
      "version": "0.146.0",
      "resolved": "https://registry.npmjs.org/@oxc-parser/binding-linux-riscv64-musl/-/binding-linux-riscv64-musl-0.146.0.tgz",
      "integrity": "sha512-6OdXwYnzbwYcnUH8f0LYauLNitjIcgDR/CDA/wcZ2whwJwVflGtCLF3+3HOXgs/SESnpQCWXr7Q/z9muLJ5bmQ==",
      "cpu": [
        "riscv64"
      ],
      "license": "MIT",
      "optional": true,
      "os": [
        "linux"
      ],
      "engines": {
        "node": "^20.19.0 || >=22.12.0"
      }
    },
    "node_modules/@oxc-parser/binding-linux-s390x-gnu": {
      "version": "0.146.0",
      "resolved": "https://registry.npmjs.org/@oxc-parser/binding-linux-s390x-gnu/-/binding-linux-s390x-gnu-0.146.0.tgz",
      "integrity": "sha512-BilV4Ei84A0m6r1v+LmgVrfUMbAz33IXRooVw/BQNDExUvGGNLrk6NWeot+ve99bRidTZdwWuzBHgxWCnSSa9Q==",
      "cpu": [
        "s390x"
      ],
      "license": "MIT",
      "optional": true,
      "os": [
        "linux"
      ],
      "engines": {
        "node": "^20.19.0 || >=22.12.0"
      }
    },
    "node_modules/@oxc-parser/binding-linux-x64-gnu": {
      "version": "0.146.0",
      "resolved": "https://registry.npmjs.org/@oxc-parser/binding-linux-x64-gnu/-/binding-linux-x64-gnu-0.146.0.tgz",
      "integrity": "sha512-RaMfGIpWOa87u3aD87drbPgisy7Nv6gIdjRFw6msIDKO+3FmcOTw+vpp4hVANhUIzpQta2EAsmYQRrqeprZTmQ==",
      "cpu": [
        "x64"
      ],
      "license": "MIT",
      "optional": true,
      "os": [
        "linux"
      ],
      "engines": {
        "node": "^20.19.0 || >=22.12.0"
      }
    },
    "node_modules/@oxc-parser/binding-linux-x64-musl": {
      "version": "0.146.0",
      "resolved": "https://registry.npmjs.org/@oxc-parser/binding-linux-x64-musl/-/binding-linux-x64-musl-0.146.0.tgz",
      "integrity": "sha512-0bzF60jfQRsJ9TJOIHK+wSUirenJAyWCdP9z3P6LMS0znD4Gf7WYOiv7niONVOpRnlGjzMPd4kqgOJfCDLQAQg==",
      "cpu": [
        "x64"
      ],
      "license": "MIT",
      "optional": true,
      "os": [
        "linux"
      ],
      "engines": {
        "node": "^20.19.0 || >=22.12.0"
      }
    },
    "node_modules/@oxc-parser/binding-openharmony-arm64": {
      "version": "0.146.0",
      "resolved": "https://registry.npmjs.org/@oxc-parser/binding-openharmony-arm64/-/binding-openharmony-arm64-0.146.0.tgz",
      "integrity": "sha512-O1gxUFt5FUgyFVUQK2BhZNwv7jLsqLR8uBANOhpYE5D5q+eCvcry7RvQT3DgKpWP1XRYB5UsbQGHHcwchEKb+w==",
      "cpu": [
        "arm64"
      ],
      "license": "MIT",
      "optional": true,
      "os": [
        "openharmony"
      ],
      "engines": {
        "node": "^20.19.0 || >=22.12.0"
      }
    },
    "node_modules/@oxc-parser/binding-win32-arm64-msvc": {
      "version": "0.146.0",
      "resolved": "https://registry.npmjs.org/@oxc-parser/binding-win32-arm64-msvc/-/binding-win32-arm64-msvc-0.146.0.tgz",
      "integrity": "sha512-i46zYS0TTCt+oaXaDx4mKxuXo+h8OBWI12XFatRm5I9/l2WKhp4TQ6VAjw0r1NMRiQQZ9dwQlRyQNhyTkOaINg==",
      "cpu": [
        "arm64"
      ],
      "license": "MIT",
      "optional": true,
      "os": [
        "win32"
      ],
      "engines": {
        "node": "^20.19.0 || >=22.12.0"
      }
    },
    "node_modules/@oxc-parser/binding-win32-ia32-msvc": {
      "version": "0.146.0",
      "resolved": "https://registry.npmjs.org/@oxc-parser/binding-win32-ia32-msvc/-/binding-win32-ia32-msvc-0.146.0.tgz",
      "integrity": "sha512-v1bb+ma2oKXwh4NHAg2NQwe9ORXFBDSCEkuO1qC4Rzm8EXcQdNhiJHpTNfulZ2P+1QpYUB6QYupW4mgMVom/tA==",
      "cpu": [
        "ia32"
      ],
      "license": "MIT",
      "optional": true,
      "os": [
        "win32"
      ],
      "engines": {
        "node": "^20.19.0 || >=22.12.0"
      }
    },
    "node_modules/@oxc-parser/binding-win32-x64-msvc": {
      "version": "0.146.0",
      "resolved": "https://registry.npmjs.org/@oxc-parser/binding-win32-x64-msvc/-/binding-win32-x64-msvc-0.146.0.tgz",
      "integrity": "sha512-uT8N1/qdNSGonvW1O2kZYNczqb/VYfnj5dpUy1FmedOPodj3MNFNWhAJkMZlI5u8xuTRtrpTccnr0U5HAMVRjQ==",
      "cpu": [
        "x64"
      ],
      "license": "MIT",
      "optional": true,
      "os": [
        "win32"
      ],
      "engines": {
        "node": "^20.19.0 || >=22.12.0"
      }
    },
    "node_modules/@oxc-project/types": {
      "version": "0.146.0",
      "resolved": "https://registry.npmjs.org/@oxc-project/types/-/types-0.146.0.tgz",
      "integrity": "sha512-XC0QsnnhVe7sLIWmYmdPw7x5P0h4W8vUU3Nv1ySgWXtvCz8NizoAEpGXA0sOYoJQV2Rl13LgURAHQ5cI5ILCSA==",
      "license": "MIT",
      "funding": {
        "url": "https://github.com/sponsors/Boshen"
      }
    },
    "node_modules/oxc-parser": {
      "version": "0.146.0",
      "resolved": "https://registry.npmjs.org/oxc-parser/-/oxc-parser-0.146.0.tgz",
      "integrity": "sha512-hrt0Ou2mCL8dLuvfvKWFjRlWaJKt0Xs7CfacAgb9mha0gKW1lSisUzNRyALgItMPIfThxkl8jH2ONP6ZbQXpaA==",
      "license": "MIT",
      "dependencies": {
        "@oxc-project/types": "^0.146.0"
      },
      "engines": {
        "node": "^20.19.0 || >=22.12.0"
      },
      "funding": {
        "url": "https://github.com/sponsors/Boshen"
      },
      "optionalDependencies": {
        "@oxc-parser/binding-android-arm-eabi": "0.146.0",
        "@oxc-parser/binding-android-arm64": "0.146.0",
        "@oxc-parser/binding-darwin-arm64": "0.146.0",
        "@oxc-parser/binding-darwin-x64": "0.146.0",
        "@oxc-parser/binding-freebsd-x64": "0.146.0",
        "@oxc-parser/binding-linux-arm-gnueabihf": "0.146.0",
        "@oxc-parser/binding-linux-arm-musleabihf": "0.146.0",
        "@oxc-parser/binding-linux-arm64-gnu": "0.146.0",
        "@oxc-parser/binding-linux-arm64-musl": "0.146.0",
        "@oxc-parser/binding-linux-ppc64-gnu": "0.146.0",
        "@oxc-parser/binding-linux-riscv64-gnu": "0.146.0",
        "@oxc-parser/binding-linux-riscv64-musl": "0.146.0",
        "@oxc-parser/binding-linux-s390x-gnu": "0.146.0",
        "@oxc-parser/binding-linux-x64-gnu": "0.146.0",
        "@oxc-parser/binding-linux-x64-musl": "0.146.0",
        "@oxc-parser/binding-openharmony-arm64": "0.146.0",
        "@oxc-parser/binding-win32-arm64-msvc": "0.146.0",
        "@oxc-parser/binding-win32-ia32-msvc": "0.146.0",
        "@oxc-parser/binding-win32-x64-msvc": "0.146.0"
      }
    },
    "node_modules/oxc-walker": {
      "version": "1.1.1",
      "resolved": "https://registry.npmjs.org/oxc-walker/-/oxc-walker-1.1.1.tgz",
      "integrity": "sha512-Hwd7dq28zu/Er99+bpWp16CGwFrhyalJh0W3JOB7XpPvgWo3MqMi2ksWGKuzzA9zt50mJ2pIUwR5lpAdZ9ACNQ==",
      "license": "MIT",
      "peerDependencies": {
        "@oxc-project/types": ">=0.98.0",
        "oxc-parser": ">=0.98.0",
        "rolldown": ">=1.0.0"
      },
      "peerDependenciesMeta": {
        "@oxc-project/types": {
          "optional": true
        },
        "oxc-parser": {
          "optional": true
        },
        "rolldown": {
          "optional": true
        }
      }
    }
  }
}
